
Microsoft Visual Studio Solution File, Format Version 12.00
# Visual Studio Version 17
VisualStudioVersion = 17.0.31903.59
MinimumVisualStudioVersion = 10.0.40219.1
Project("{FAE04EC0-301F-11D3-BF4B-00C04F79EFBC}") = "DigitalWalletAPI.API", "DigitalWalletAPI.API\DigitalWalletAPI.API.csproj", "{521F2C4E-F0F9-43E7-9A47-08790A358B29}"
EndProject
Project("{FAE04EC0-301F-11D3-BF4B-00C04F79EFBC}") = "DigitalWalletAPI.Domain", "DigitalWalletAPI.Domain\DigitalWalletAPI.Domain.csproj", "{77313857-42F6-482E-BEA8-0095FC7883D0}"
EndProject
Project("{FAE04EC0-301F-11D3-BF4B-00C04F79EFBC}") = "DigitalWalletAPI.Application", "DigitalWalletAPI.Application\DigitalWalletAPI.Application.csproj", "{073342D0-72DB-4191-B5C7-B95D9FDC6D45}"
EndProject
Project("{FAE04EC0-301F-11D3-BF4B-00C04F79EFBC}") = "DigitalWalletAPI.Infrastructure", "DigitalWalletAPI.Infrastructure\DigitalWalletAPI.Infrastructure.csproj", "{7151C624-D64A-4ABA-AD6A-E648ADF31F11}"
EndProject
Global
	GlobalSection(SolutionConfigurationPlatforms) = preSolution
		Debug|Any CPU = Debug|Any CPU
		Debug|x64 = Debug|x64
		Debug|x86 = Debug|x86
		Release|Any CPU = Release|Any CPU
		Release|x64 = Release|x64
		Release|x86 = Release|x86
	EndGlobalSection
	GlobalSection(ProjectConfigurationPlatforms) = postSolution
		{521F2C4E-F0F9-43E7-9A47-08790A358B29}.Debug|Any CPU.ActiveCfg = Debug|Any CPU
		{521F2C4E-F0F9-43E7-9A47-08790A358B29}.Debug|Any CPU.Build.0 = Debug|Any CPU
		{521F2C4E-F0F9-43E7-9A47-08790A358B29}.Debug|x64.ActiveCfg = Debug|Any CPU
		{521F2C4E-F0F9-43E7-9A47-08790A358B29}.Debug|x64.Build.0 = Debug|Any CPU
		{521F2C4E-F0F9-43E7-9A47-08790A358B29}.Debug|x86.ActiveCfg = Debug|Any CPU
		{521F2C4E-F0F9-43E7-9A47-08790A358B29}.Debug|x86.Build.0 = Debug|Any CPU
		{521F2C4E-F0F9-43E7-9A47-08790A358B29}.Release|Any CPU.ActiveCfg = Release|Any CPU
		{521F2C4E-F0F9-43E7-9A47-08790A358B29}.Release|Any CPU.Build.0 = Release|Any CPU
		{521F2C4E-F0F9-43E7-9A47-08790A358B29}.Release|x64.ActiveCfg = Release|Any CPU
		{521F2C4E-F0F9-43E7-9A47-08790A358B29}.Release|x64.Build.0 = Release|Any CPU
		{521F2C4E-F0F9-43E7-9A47-08790A358B29}.Release|x86.ActiveCfg = Release|Any CPU
		{521F2C4E-F0F9-43E7-9A47-08790A358B29}.Release|x86.Build.0 = Release|Any CPU
		{77313857-42F6-482E-BEA8-0095FC7883D0}.Debug|Any CPU.ActiveCfg = Debug|Any CPU
		{77313857-42F6-482E-BEA8-0095FC7883D0}.Debug|Any CPU.Build.0 = Debug|Any CPU
		{77313857-42F6-482E-BEA8-0095FC7883D0}.Debug|x64.ActiveCfg = Debug|Any CPU
		{77313857-42F6-482E-BEA8-0095FC7883D0}.Debug|x64.Build.0 = Debug|Any CPU
		{77313857-42F6-482E-BEA8-0095FC7883D0}.Debug|x86.ActiveCfg = Debug|Any CPU
		{77313857-42F6-482E-BEA8-0095FC7883D0}.Debug|x86.Build.0 = Debug|Any CPU
		{77313857-42F6-482E-BEA8-0095FC7883D0}.Release|Any CPU.ActiveCfg = Release|Any CPU
		{77313857-42F6-482E-BEA8-0095FC7883D0}.Release|Any CPU.Build.0 = Release|Any CPU
		{77313857-42F6-482E-BEA8-0095FC7883D0}.Release|x64.ActiveCfg = Release|Any CPU
		{77313857-42F6-482E-BEA8-0095FC7883D0}.Release|x64.Build.0 = Release|Any CPU
		{77313857-42F6-482E-BEA8-0095FC7883D0}.Release|x86.ActiveCfg = Release|Any CPU
		{77313857-42F6-482E-BEA8-0095FC7883D0}.Release|x86.Build.0 = Release|Any CPU
		{073342D0-72DB-4191-B5C7-B95D9FDC6D45}.Debug|Any CPU.ActiveCfg = Debug|Any CPU
		{073342D0-72DB-4191-B5C7-B95D9FDC6D45}.Debug|Any CPU.Build.0 = Debug|Any CPU
		{073342D0-72DB-4191-B5C7-B95D9FDC6D45}.Debug|x64.ActiveCfg = Debug|Any CPU
		{073342D0-72DB-4191-B5C7-B95D9FDC6D45}.Debug|x64.Build.0 = Debug|Any CPU
		{073342D0-72DB-4191-B5C7-B95D9FDC6D45}.Debug|x86.ActiveCfg = Debug|Any CPU
		{073342D0-72DB-4191-B5C7-B95D9FDC6D45}.Debug|x86.Build.0 = Debug|Any CPU
		{073342D0-72DB-4191-B5C7-B95D9FDC6D45}.Release|Any CPU.ActiveCfg = Release|Any CPU
		{073342D0-72DB-4191-B5C7-B95D9FDC6D45}.Release|Any CPU.Build.0 = Release|Any CPU
		{073342D0-72DB-4191-B5C7-B95D9FDC6D45}.Release|x64.ActiveCfg = Release|Any CPU
		{073342D0-72DB-4191-B5C7-B95D9FDC6D45}.Release|x64.Build.0 = Release|Any CPU
		{073342D0-72DB-4191-B5C7-B95D9FDC6D45}.Release|x86.ActiveCfg = Release|Any CPU
		{073342D0-72DB-4191-B5C7-B95D9FDC6D45}.Release|x86.Build.0 = Release|Any CPU
		{7151C624-D64A-4ABA-AD6A-E648ADF31F11}.Debug|Any CPU.ActiveCfg = Debug|Any CPU
		{7151C624-D64A-4ABA-AD6A-E648ADF31F11}.Debug|Any CPU.Build.0 = Debug|Any CPU
		{7151C624-D64A-4ABA-AD6A-E648ADF31F11}.Debug|x64.ActiveCfg = Debug|Any CPU
		{7151C624-D64A-4ABA-AD6A-E648ADF31F11}.Debug|x64.Build.0 = Debug|Any CPU
		{7151C624-D64A-4ABA-AD6A-E648ADF31F11}.Debug|x86.ActiveCfg = Debug|Any CPU
		{7151C624-D64A-4ABA-AD6A-E648ADF31F11}.Debug|x86.Build.0 = Debug|Any CPU
		{7151C624-D64A-4ABA-AD6A-E648ADF31F11}.Release|Any CPU.ActiveCfg = Release|Any CPU
		{7151C624-D64A-4ABA-AD6A-E648ADF31F11}.Release|Any CPU.Build.0 = Release|Any CPU
		{7151C624-D64A-4ABA-AD6A-E648ADF31F11}.Release|x64.ActiveCfg = Release|Any CPU
		{7151C624-D64A-4ABA-AD6A-E648ADF31F11}.Release|x64.Build.0 = Release|Any CPU
		{7151C624-D64A-4ABA-AD6A-E648ADF31F11}.Release|x86.ActiveCfg = Release|Any CPU
		{7151C624-D64A-4ABA-AD6A-E648ADF31F11}.Release|x86.Build.0 = Release|Any CPU
	EndGlobalSection
	GlobalSection(SolutionProperties) = preSolution
		HideSolutionNode = FALSE
	EndGlobalSection
EndGlobal
